
Microsoft Visual Studio Solution File, Format Version 12.00
# Visual Studio Version 16
VisualStudioVersion = 16.0.32106.194
MinimumVisualStudioVersion = 10.0.40219.1
Project("{FAE04EC0-301F-11D3-BF4B-00C04F79EFBC}") = "CapaModelo", "CapaModelo\CapaModelo.csproj", "{B719A3CA-C0AC-4A6F-AA0A-B64259ED0494}"
EndProject
Project("{FAE04EC0-301F-11D3-BF4B-00C04F79EFBC}") = "CapaVista", "CapaVista\CapaVista.csproj", "{34DA3B87-2024-41BF-944C-E213A99E02CE}"
EndProject
Project("{FAE04EC0-301F-11D3-BF4B-00C04F79EFBC}") = "CapaControlador", "CapaControlador\CapaControlador.csproj", "{A3B2BFFB-CE8E-4CBF-883B-9A679955E630}"
EndProject
Global
	GlobalSection(SolutionConfigurationPlatforms) = preSolution
		Debug|Any CPU = Debug|Any CPU
		Release|Any CPU = Release|Any CPU
	EndGlobalSection
	GlobalSection(ProjectConfigurationPlatforms) = postSolution
		{B719A3CA-C0AC-4A6F-AA0A-B64259ED0494}.Debug|Any CPU.ActiveCfg = Debug|Any CPU
		{B719A3CA-C0AC-4A6F-AA0A-B64259ED0494}.Debug|Any CPU.Build.0 = Debug|Any CPU
		{B719A3CA-C0AC-4A6F-AA0A-B64259ED0494}.Release|Any CPU.ActiveCfg = Release|Any CPU
		{B719A3CA-C0AC-4A6F-AA0A-B64259ED0494}.Release|Any CPU.Build.0 = Release|Any CPU
		{34DA3B87-2024-41BF-944C-E213A99E02CE}.Debug|Any CPU.ActiveCfg = Debug|Any CPU
		{34DA3B87-2024-41BF-944C-E213A99E02CE}.Debug|Any CPU.Build.0 = Debug|Any CPU
		{34DA3B87-2024-41BF-944C-E213A99E02CE}.Release|Any CPU.ActiveCfg = Release|Any CPU
		{34DA3B87-2024-41BF-944C-E213A99E02CE}.Release|Any CPU.Build.0 = Release|Any CPU
		{A3B2BFFB-CE8E-4CBF-883B-9A679955E630}.Debug|Any CPU.ActiveCfg = Debug|Any CPU
		{A3B2BFFB-CE8E-4CBF-883B-9A679955E630}.Debug|Any CPU.Build.0 = Debug|Any CPU
		{A3B2BFFB-CE8E-4CBF-883B-9A679955E630}.Release|Any CPU.ActiveCfg = Release|Any CPU
		{A3B2BFFB-CE8E-4CBF-883B-9A679955E630}.Release|Any CPU.Build.0 = Release|Any CPU
	EndGlobalSection
	GlobalSection(SolutionProperties) = preSolution
		HideSolutionNode = FALSE
	EndGlobalSection
	GlobalSection(ExtensibilityGlobals) = postSolution
		SolutionGuid = {A4C4BB8D-3726-482D-A559-FD63A7BBEE6A}
	EndGlobalSection
EndGlobal
